
Microsoft Visual Studio Solution File, Format Version 12.00
# Visual Studio Version 16
VisualStudioVersion = 16.0.29326.143
MinimumVisualStudioVersion = 10.0.40219.1
Project("{9A19103F-16F7-4668-BE54-9A1E7A4F7556}") = "DigitRecognitionML.Model", "DigitRecognitionML.Model\DigitRecognitionML.Model.csproj", "{2C4E2974-5E5C-4CCA-AC21-8F5395287757}"
EndProject
Project("{9A19103F-16F7-4668-BE54-9A1E7A4F7556}") = "DigitRecognitionML.ConsoleApp", "DigitRecognitionML.ConsoleApp\DigitRecognitionML.ConsoleApp.csproj", "{72F21200-3D33-4E36-9206-C9FE7B205A3A}"
EndProject
Project("{FAE04EC0-301F-11D3-BF4B-00C04F79EFBC}") = "DigitRecognition.Web", "DigitRecognition.Web\DigitRecognition.Web.csproj", "{A85FED37-80AA-4274-AAC4-8B90AD3E968C}"
EndProject
Global
	GlobalSection(SolutionConfigurationPlatforms) = preSolution
		Debug|Any CPU = Debug|Any CPU
		Release|Any CPU = Release|Any CPU
	EndGlobalSection
	GlobalSection(ProjectConfigurationPlatforms) = postSolution
		{2C4E2974-5E5C-4CCA-AC21-8F5395287757}.Debug|Any CPU.ActiveCfg = Debug|Any CPU
		{2C4E2974-5E5C-4CCA-AC21-8F5395287757}.Debug|Any CPU.Build.0 = Debug|Any CPU
		{2C4E2974-5E5C-4CCA-AC21-8F5395287757}.Release|Any CPU.ActiveCfg = Release|Any CPU
		{2C4E2974-5E5C-4CCA-AC21-8F5395287757}.Release|Any CPU.Build.0 = Release|Any CPU
		{72F21200-3D33-4E36-9206-C9FE7B205A3A}.Debug|Any CPU.ActiveCfg = Debug|Any CPU
		{72F21200-3D33-4E36-9206-C9FE7B205A3A}.Debug|Any CPU.Build.0 = Debug|Any CPU
		{72F21200-3D33-4E36-9206-C9FE7B205A3A}.Release|Any CPU.ActiveCfg = Release|Any CPU
		{72F21200-3D33-4E36-9206-C9FE7B205A3A}.Release|Any CPU.Build.0 = Release|Any CPU
		{A85FED37-80AA-4274-AAC4-8B90AD3E968C}.Debug|Any CPU.ActiveCfg = Debug|Any CPU
		{A85FED37-80AA-4274-AAC4-8B90AD3E968C}.Debug|Any CPU.Build.0 = Debug|Any CPU
		{A85FED37-80AA-4274-AAC4-8B90AD3E968C}.Release|Any CPU.ActiveCfg = Release|Any CPU
		{A85FED37-80AA-4274-AAC4-8B90AD3E968C}.Release|Any CPU.Build.0 = Release|Any CPU
	EndGlobalSection
	GlobalSection(SolutionProperties) = preSolution
		HideSolutionNode = FALSE
	EndGlobalSection
	GlobalSection(ExtensibilityGlobals) = postSolution
		SolutionGuid = {01B2DDC7-EBEC-47F3-B0D7-AE9C88163A73}
	EndGlobalSection
EndGlobal
